# This file is automatically @generated by Cargo.
# It is not intended for manual editing.
version = 3

[[package]]
name = "alsa"
version = "0.2.0"
source = "registry+https://github.com/rust-lang/crates.io-index"
checksum = "fe0820f7fc33380123dcd5deaadbc4467d56b6cecb60e5d80d6cd523a9664adc"
dependencies = [
 "alsa-sys",
 "bitflags 0.9.1",
 "libc",
 "nix",
]

[[package]]
name = "alsa-sys"
version = "0.1.2"
source = "registry+https://github.com/rust-lang/crates.io-index"
checksum = "b0edcbbf9ef68f15ae1b620f722180b82a98b6f0628d30baa6b8d2a5abc87d58"
dependencies = [
 "libc",
 "pkg-config",
]

[[package]]
name = "arc-swap"
version = "0.3.11"
source = "registry+https://github.com/rust-lang/crates.io-index"
checksum = "bc4662175ead9cd84451d5c35070517777949a2ed84551764129cedb88384841"

[[package]]
name = "array-macro"
version = "1.0.2"
source = "registry+https://github.com/rust-lang/crates.io-index"
checksum = "8b1b1a00de235e9f2cc0e650423dc249d875c116a5934188c08fdd0c02d840ef"

[[package]]
name = "bitflags"
version = "0.3.3"
source = "registry+https://github.com/rust-lang/crates.io-index"
checksum = "32866f4d103c4e438b1db1158aa1b1a80ee078e5d77a59a2f906fd62a577389c"

[[package]]
name = "bitflags"
version = "0.9.1"
source = "registry+https://github.com/rust-lang/crates.io-index"
checksum = "4efd02e230a02e18f92fc2735f44597385ed02ad8f831e7c1c1156ee5e1ab3a5"

[[package]]
name = "byteorder"
version = "0.4.2"
source = "registry+https://github.com/rust-lang/crates.io-index"
checksum = "96c8b41881888cc08af32d47ac4edd52bc7fa27fef774be47a92443756451304"

[[package]]
name = "cc"
version = "1.0.67"
source = "registry+https://github.com/rust-lang/crates.io-index"
checksum = "e3c69b077ad434294d3ce9f1f6143a2a4b89a8a2d54ef813d85003a4fd1137fd"

[[package]]
name = "cfg-if"
version = "0.1.9"
source = "registry+https://github.com/rust-lang/crates.io-index"
checksum = "b486ce3ccf7ffd79fdeb678eac06a9e6c09fc88d33836340becb8fffe87c5e33"

[[package]]
name = "chrono"
version = "0.4.6"
source = "registry+https://github.com/rust-lang/crates.io-index"
checksum = "45912881121cb26fad7c38c17ba7daa18764771836b34fab7d3fbd93ed633878"
dependencies = [
 "num-integer",
 "num-traits 0.2.5",
 "time",
]

[[package]]
name = "core-foundation"
version = "0.2.3"
source = "registry+https://github.com/rust-lang/crates.io-index"
checksum = "25bfd746d203017f7d5cbd31ee5d8e17f94b6521c7af77ece6c9e4b2d4b16c67"
dependencies = [
 "core-foundation-sys",
 "libc",
]

[[package]]
name = "core-foundation-sys"
version = "0.2.3"
source = "registry+https://github.com/rust-lang/crates.io-index"
checksum = "065a5d7ffdcbc8fa145d6f0746f3555025b9097a9e9cda59f7467abae670c78d"
dependencies = [
 "libc",
]

[[package]]
name = "coremidi"
version = "0.3.0"
source = "registry+https://github.com/rust-lang/crates.io-index"
checksum = "33326bbe31e4f0102c694281998365bf37ecd7ed08d2993ded0c19c57579cbed"
dependencies = [
 "core-foundation",
 "core-foundation-sys",
 "coremidi-sys",
 "time",
]

[[package]]
name = "coremidi-sys"
version = "2.0.2"
source = "registry+https://github.com/rust-lang/crates.io-index"
checksum = "07f05827cebb30dcd539ff1ac9bf6764f574a15fa147f8572f99d7617142f95e"
dependencies = [
 "core-foundation-sys",
]

[[package]]
name = "crossbeam-channel"
version = "0.3.8"
source = "registry+https://github.com/rust-lang/crates.io-index"
checksum = "0f0ed1a4de2235cabda8558ff5840bffb97fcb64c97827f354a451307df5f72b"
dependencies = [
 "crossbeam-utils",
 "smallvec",
]

[[package]]
name = "crossbeam-utils"
version = "0.6.5"
source = "registry+https://github.com/rust-lang/crates.io-index"
checksum = "f8306fcef4a7b563b76b7dd949ca48f52bc1141aa067d2ea09565f3e2652aa5c"
dependencies = [
 "cfg-if",
 "lazy_static",
]

[[package]]
name = "cursive"
version = "0.12.0"
source = "registry+https://github.com/rust-lang/crates.io-index"
checksum = "b7ecc7282b5361471b607c26f44148205607e26d48a2fc65bd16e7619b1ebb78"
dependencies = [
 "cfg-if",
 "chrono",
 "crossbeam-channel",
 "enum-map",
 "enumset",
 "hashbrown",
 "lazy_static",
 "libc",
 "log",
 "maplit",
 "num 0.2.0",
 "owning_ref",
 "pancurses",
 "signal-hook",
 "term_size",
 "toml",
 "unicode-segmentation",
 "unicode-width",
 "xi-unicode",
]

[[package]]
name = "darling"
version = "0.9.0"
source = "registry+https://github.com/rust-lang/crates.io-index"
checksum = "fcfbcb0c5961907597a7d1148e3af036268f2b773886b8bb3eeb1e1281d3d3d6"
dependencies = [
 "darling_core",
 "darling_macro",
]

[[package]]
name = "darling_core"
version = "0.9.0"
source = "registry+https://github.com/rust-lang/crates.io-index"
checksum = "6afc018370c3bff3eb51f89256a6bdb18b4fdcda72d577982a14954a7a0b402c"
dependencies = [
 "fnv",
 "ident_case",
 "proc-macro2",
 "quote",
 "strsim",
 "syn 0.15.36",
]

[[package]]
name = "darling_macro"
version = "0.9.0"
source = "registry+https://github.com/rust-lang/crates.io-index"
checksum = "c6d8dac1c6f1d29a41c4712b4400f878cb4fcc4c7628f298dd75038e024998d1"
dependencies = [
 "darling_core",
 "quote",
 "syn 0.15.36",
]

[[package]]
name = "enum-map"
version = "0.5.0"
source = "registry+https://github.com/rust-lang/crates.io-index"
checksum = "ccd9b2d5e0eb5c2ff851791e2af90ab4531b1168cfc239d1c0bf467e60ba3c89"
dependencies = [
 "enum-map-derive",
 "enum-map-internals",
]

[[package]]
name = "enum-map-derive"
version = "0.4.0"
source = "registry+https://github.com/rust-lang/crates.io-index"
checksum = "f915c8ef505ce27b6fa51515463938aa2e9135081fefc93aef786539a646a365"
dependencies = [
 "proc-macro2",
 "quote",
 "syn 0.14.7",
]

[[package]]
name = "enum-map-internals"
version = "0.1.2"
source = "registry+https://github.com/rust-lang/crates.io-index"
checksum = "38b0bacf3ea7aba18ce84032efc3f0fa29f5c814048b742ab3e64d07d83ac3e8"
dependencies = [
 "array-macro",
]

[[package]]
name = "enum_primitive"
version = "0.1.1"
source = "registry+https://github.com/rust-lang/crates.io-index"
checksum = "be4551092f4d519593039259a9ed8daedf0da12e5109c5280338073eaeb81180"
dependencies = [
 "num-traits 0.1.43",
]

[[package]]
name = "enumset"
version = "0.4.0"
source = "registry+https://github.com/rust-lang/crates.io-index"
checksum = "cac0a22e173f6570a7d69a2ab9e3fe79cf0dcdd0fdb162bfc932b97158f2b2a7"
dependencies = [
 "enumset_derive",
 "num-traits 0.2.5",
]

[[package]]
name = "enumset_derive"
version = "0.4.0"
source = "registry+https://github.com/rust-lang/crates.io-index"
checksum = "01d93b926a992a4a526c2a14e2faf734fdef5bf9d0a52ba69a2ca7d4494c284b"
dependencies = [
 "darling",
 "proc-macro2",
 "quote",
 "syn 0.15.36",
]

[[package]]
name = "fnv"
version = "1.0.6"
source = "registry+https://github.com/rust-lang/crates.io-index"
checksum = "2fad85553e09a6f881f739c29f0b00b0f01357c743266d478b68951ce23285f3"

[[package]]
name = "fuchsia-cprng"
version = "0.1.1"
source = "registry+https://github.com/rust-lang/crates.io-index"
checksum = "a06f77d526c1a601b7c4cdd98f54b5eaabffc14d5f2f0296febdc7f357c6d3ba"

[[package]]
name = "hashbrown"
version = "0.3.1"
source = "registry+https://github.com/rust-lang/crates.io-index"
checksum = "29fba9abe4742d586dfd0c06ae4f7e73a1c2d86b856933509b269d82cdf06e18"

[[package]]
name = "ident_case"
version = "1.0.1"
source = "registry+https://github.com/rust-lang/crates.io-index"
checksum = "b9e0384b61958566e926dc50660321d12159025e767c18e043daf26b70104c39"

[[package]]
name = "lazy_static"
version = "1.3.0"
source = "registry+https://github.com/rust-lang/crates.io-index"
checksum = "bc5729f27f159ddd61f4df6228e827e86643d4d3e7c32183cb30a1c08f604a14"

[[package]]
name = "libc"
version = "0.2.58"
source = "registry+https://github.com/rust-lang/crates.io-index"
checksum = "6281b86796ba5e4366000be6e9e18bf35580adf9e63fbe2294aadb587613a319"

[[package]]
name = "log"
version = "0.4.6"
source = "registry+https://github.com/rust-lang/crates.io-index"
checksum = "c84ec4b527950aa83a329754b01dbe3f58361d1c5efacd1f6d68c494d08a17c6"
dependencies = [
 "cfg-if",
]

[[package]]
name = "maplit"
version = "1.0.2"
source = "registry+https://github.com/rust-lang/crates.io-index"
checksum = "3e2e65a1a2e43cfcb47a895c4c8b10d1f4a61097f9f254f183aee60cad9c651d"

[[package]]
name = "memalloc"
version = "0.1.0"
source = "registry+https://github.com/rust-lang/crates.io-index"
checksum = "df39d232f5c40b0891c10216992c2f250c054105cb1e56f0fc9032db6203ecc1"

[[package]]
name = "midir"
version = "0.5.0"
source = "registry+https://github.com/rust-lang/crates.io-index"
checksum = "e653b919aca8b5f2697854f1819b33bfe49bcb3378abb0dbd834ce43ede9c7b1"
dependencies = [
 "alsa",
 "bitflags 0.3.3",
 "coremidi",
 "libc",
 "memalloc",
 "nix",
 "winapi 0.2.8",
 "winmm-sys",
]

[[package]]
name = "midirouter"
version = "0.1.0"
dependencies = [
 "crossbeam-channel",
 "cursive",
 "midir",
 "rimd",
]

[[package]]
name = "ncurses"
version = "5.101.0"
source = "registry+https://github.com/rust-lang/crates.io-index"
checksum = "5e2c5d34d72657dc4b638a1c25d40aae81e4f1c699062f72f467237920752032"
dependencies = [
 "cc",
 "libc",
 "pkg-config",
]

[[package]]
name = "nix"
version = "0.9.0"
source = "registry+https://github.com/rust-lang/crates.io-index"
checksum = "a2c5afeb0198ec7be8569d666644b574345aad2e95a53baf3a532da3e0f3fb32"
dependencies = [
 "bitflags 0.9.1",
 "cfg-if",
 "libc",
 "void",
]

[[package]]
name = "num"
version = "0.1.42"
source = "registry+https://github.com/rust-lang/crates.io-index"
checksum = "4703ad64153382334aa8db57c637364c322d3372e097840c72000dabdcf6156e"
dependencies = [
 "num-bigint",
 "num-complex 0.1.43",
 "num-integer",
 "num-iter",
 "num-rational 0.1.42",
 "num-traits 0.2.5",
]

[[package]]
name = "num"
version = "0.2.0"
source = "registry+https://github.com/rust-lang/crates.io-index"
checksum = "cf4825417e1e1406b3782a8ce92f4d53f26ec055e3622e1881ca8e9f5f9e08db"
dependencies = [
 "num-complex 0.2.0",
 "num-integer",
 "num-iter",
 "num-rational 0.2.1",
 "num-traits 0.2.5",
]

[[package]]
name = "num-bigint"
version = "0.1.44"
source = "registry+https://github.com/rust-lang/crates.io-index"
checksum = "e63899ad0da84ce718c14936262a41cee2c79c981fc0a0e7c7beb47d5a07e8c1"
dependencies = [
 "num-integer",
 "num-traits 0.2.5",
 "rand",
 "rustc-serialize",
]

[[package]]
name = "num-complex"
version = "0.1.43"
source = "registry+https://github.com/rust-lang/crates.io-index"
checksum = "b288631d7878aaf59442cffd36910ea604ecd7745c36054328595114001c9656"
dependencies = [
 "num-traits 0.2.5",
 "rustc-serialize",
]

[[package]]
name = "num-complex"
version = "0.2.0"
source = "registry+https://github.com/rust-lang/crates.io-index"
checksum = "68de83578789e0fbda3fa923035be83cf8bfd3b30ccfdecd5aa89bf8601f408e"
dependencies = [
 "num-traits 0.2.5",
]

[[package]]
name = "num-integer"
version = "0.1.39"
source = "registry+https://github.com/rust-lang/crates.io-index"
checksum = "e83d528d2677f0518c570baf2b7abdcf0cd2d248860b68507bdcb3e91d4c0cea"
dependencies = [
 "num-traits 0.2.5",
]

[[package]]
name = "num-iter"
version = "0.1.37"
source = "registry+https://github.com/rust-lang/crates.io-index"
checksum = "af3fdbbc3291a5464dc57b03860ec37ca6bf915ed6ee385e7c6c052c422b2124"
dependencies = [
 "num-integer",
 "num-traits 0.2.5",
]

[[package]]
name = "num-rational"
version = "0.1.42"
source = "registry+https://github.com/rust-lang/crates.io-index"
checksum = "ee314c74bd753fc86b4780aa9475da469155f3848473a261d2d18e35245a784e"
dependencies = [
 "num-bigint",
 "num-integer",
 "num-traits 0.2.5",
 "rustc-serialize",
]

[[package]]
name = "num-rational"
version = "0.2.1"
source = "registry+https://github.com/rust-lang/crates.io-index"
checksum = "4e96f040177bb3da242b5b1ecf3f54b5d5af3efbbfb18608977a5d2767b22f10"
dependencies = [
 "num-integer",
 "num-traits 0.2.5",
]

[[package]]
name = "num-traits"
version = "0.1.43"
source = "registry+https://github.com/rust-lang/crates.io-index"
checksum = "92e5113e9fd4cc14ded8e499429f396a20f98c772a47cc8622a736e1ec843c31"
dependencies = [
 "num-traits 0.2.5",
]

[[package]]
name = "num-traits"
version = "0.2.5"
source = "registry+https://github.com/rust-lang/crates.io-index"
checksum = "630de1ef5cc79d0cdd78b7e33b81f083cbfe90de0f4b2b2f07f905867c70e9fe"

[[package]]
name = "owning_ref"
version = "0.4.0"
source = "registry+https://github.com/rust-lang/crates.io-index"
checksum = "49a4b8ea2179e6a2e27411d3bca09ca6dd630821cf6894c6c7c8467a8ee7ef13"
dependencies = [
 "stable_deref_trait",
]

[[package]]
name = "pancurses"
version = "0.16.1"
source = "registry+https://github.com/rust-lang/crates.io-index"
checksum = "d3058bc37c433096b2ac7afef1c5cdfae49ede0a4ffec3dfc1df1df0959d0ff0"
dependencies = [
 "libc",
 "log",
 "ncurses",
 "pdcurses-sys",
 "winreg",
]

[[package]]
name = "pdcurses-sys"
version = "0.7.1"
source = "registry+https://github.com/rust-lang/crates.io-index"
checksum = "084dd22796ff60f1225d4eb6329f33afaf4c85419d51d440ab6b8c6f4529166b"
dependencies = [
 "cc",
 "libc",
]

[[package]]
name = "pkg-config"
version = "0.3.13"
source = "registry+https://github.com/rust-lang/crates.io-index"
checksum = "104630aa1c83213cbc76db0703630fcb0421dac3585063be4ce9a8a2feeaa745"

[[package]]
name = "proc-macro2"
version = "0.4.30"
source = "registry+https://github.com/rust-lang/crates.io-index"
checksum = "cf3d2011ab5c909338f7887f4fc896d35932e29146c12c8d01da6b22a80ba759"
dependencies = [
 "unicode-xid",
]

[[package]]
name = "quote"
version = "0.6.12"
source = "registry+https://github.com/rust-lang/crates.io-index"
checksum = "faf4799c5d274f3868a4aae320a0a182cbd2baee377b378f080e16a23e9d80db"
dependencies = [
 "proc-macro2",
]

[[package]]
name = "rand"
version = "0.4.6"
source = "registry+https://github.com/rust-lang/crates.io-index"
checksum = "552840b97013b1a26992c11eac34bdd778e464601a4c2054b5f0bff7c6761293"
dependencies = [
 "fuchsia-cprng",
 "libc",
 "rand_core 0.3.1",
 "rdrand",
 "winapi 0.3.5",
]

[[package]]
name = "rand_core"
version = "0.3.1"
source = "registry+https://github.com/rust-lang/crates.io-index"
checksum = "7a6fdeb83b075e8266dcc8762c22776f6877a63111121f5f8c7411e5be7eed4b"
dependencies = [
 "rand_core 0.4.2",
]

[[package]]
name = "rand_core"
version = "0.4.2"
source = "registry+https://github.com/rust-lang/crates.io-index"
checksum = "9c33a3c44ca05fa6f1807d8e6743f3824e8509beca625669633be0acbdf509dc"

[[package]]
name = "rdrand"
version = "0.4.0"
source = "registry+https://github.com/rust-lang/crates.io-index"
checksum = "678054eb77286b51581ba43620cc911abf02758c91f93f479767aed0f90458b2"
dependencies = [
 "rand_core 0.3.1",
]

[[package]]
name = "redox_syscall"
version = "0.1.40"
source = "registry+https://github.com/rust-lang/crates.io-index"
checksum = "c214e91d3ecf43e9a4e41e578973adeb14b474f2bee858742d127af75a0112b1"

[[package]]
name = "rimd"
version = "0.0.1"
source = "registry+https://github.com/rust-lang/crates.io-index"
checksum = "c319e5fbf1f93e6cb26333e4831bd0087b43a0844a1fef43f8d6e1a6fdf8846a"
dependencies = [
 "byteorder",
 "enum_primitive",
 "num 0.1.42",
]

[[package]]
name = "rustc-serialize"
version = "0.3.24"
source = "registry+https://github.com/rust-lang/crates.io-index"
checksum = "dcf128d1287d2ea9d80910b5f1120d0b8eede3fbf1abe91c40d39ea7d51e6fda"

[[package]]
name = "serde"
version = "1.0.71"
source = "registry+https://github.com/rust-lang/crates.io-index"
checksum = "6dfad05c8854584e5f72fb859385ecdfa03af69c3fd0572f0da2d4c95f060bdb"

[[package]]
name = "signal-hook"
version = "0.1.9"
source = "registry+https://github.com/rust-lang/crates.io-index"
checksum = "72ab58f1fda436857e6337dcb6a5aaa34f16c5ddc87b3a8b6ef7a212f90b9c5a"
dependencies = [
 "libc",
 "signal-hook-registry",
]

[[package]]
name = "signal-hook-registry"
version = "1.0.1"
source = "registry+https://github.com/rust-lang/crates.io-index"
checksum = "cded4ffa32146722ec54ab1f16320568465aa922aa9ab4708129599740da85d7"
dependencies = [
 "arc-swap",
 "libc",
]

[[package]]
name = "smallvec"
version = "0.6.5"
source = "registry+https://github.com/rust-lang/crates.io-index"
checksum = "153ffa32fd170e9944f7e0838edf824a754ec4c1fc64746fcc9fe1f8fa602e5d"
dependencies = [
 "unreachable",
]

[[package]]
name = "stable_deref_trait"
version = "1.1.1"
source = "registry+https://github.com/rust-lang/crates.io-index"
checksum = "dba1a27d3efae4351c8051072d619e3ade2820635c3958d826bfea39d59b54c8"

[[package]]
name = "strsim"
version = "0.7.0"
source = "registry+https://github.com/rust-lang/crates.io-index"
checksum = "bb4f380125926a99e52bc279241539c018323fab05ad6368b56f93d9369ff550"

[[package]]
name = "syn"
version = "0.14.7"
source = "registry+https://github.com/rust-lang/crates.io-index"
checksum = "e2e13df71f29f9440b50261a5882c86eac334f1badb3134ec26f0de2f1418e44"
dependencies = [
 "proc-macro2",
 "quote",
 "unicode-xid",
]

[[package]]
name = "syn"
version = "0.15.36"
source = "registry+https://github.com/rust-lang/crates.io-index"
checksum = "8b4f551a91e2e3848aeef8751d0d4eec9489b6474c720fd4c55958d8d31a430c"
dependencies = [
 "proc-macro2",
 "quote",
 "unicode-xid",
]

[[package]]
name = "term_size"
version = "0.3.2"
source = "registry+https://github.com/rust-lang/crates.io-index"
checksum = "1e4129646ca0ed8f45d09b929036bafad5377103edd06e50bf574b353d2b08d9"
dependencies = [
 "libc",
 "winapi 0.3.5",
]

[[package]]
name = "time"
version = "0.1.40"
source = "registry+https://github.com/rust-lang/crates.io-index"
checksum = "d825be0eb33fda1a7e68012d51e9c7f451dc1a69391e7fdc197060bb8c56667b"
dependencies = [
 "libc",
 "redox_syscall",
 "winapi 0.3.5",
]

[[package]]
name = "toml"
version = "0.5.1"
source = "registry+https://github.com/rust-lang/crates.io-index"
checksum = "b8c96d7873fa7ef8bdeb3a9cda3ac48389b4154f32b9803b4bc26220b677b039"
dependencies = [
 "serde",
]

[[package]]
name = "unicode-segmentation"
version = "1.2.1"
source = "registry+https://github.com/rust-lang/crates.io-index"
checksum = "aa6024fc12ddfd1c6dbc14a80fa2324d4568849869b779f6bd37e5e4c03344d1"

[[package]]
name = "unicode-width"
version = "0.1.5"
source = "registry+https://github.com/rust-lang/crates.io-index"
checksum = "882386231c45df4700b275c7ff55b6f3698780a650026380e72dabe76fa46526"

[[package]]
name = "unicode-xid"
version = "0.1.0"
source = "registry+https://github.com/rust-lang/crates.io-index"
checksum = "fc72304796d0818e357ead4e000d19c9c174ab23dc11093ac919054d20a6a7fc"

[[package]]
name = "unreachable"
version = "1.0.0"
source = "registry+https://github.com/rust-lang/crates.io-index"
checksum = "382810877fe448991dfc7f0dd6e3ae5d58088fd0ea5e35189655f84e6814fa56"
dependencies = [
 "void",
]

[[package]]
name = "void"
version = "1.0.2"
source = "registry+https://github.com/rust-lang/crates.io-index"
checksum = "6a02e4885ed3bc0f2de90ea6dd45ebcbb66dacffe03547fadbb0eeae2770887d"

[[package]]
name = "winapi"
version = "0.2.8"
source = "registry+https://github.com/rust-lang/crates.io-index"
checksum = "167dc9d6949a9b857f3451275e911c3f44255842c1f7a76f33c55103a909087a"

[[package]]
name = "winapi"
version = "0.3.5"
source = "registry+https://github.com/rust-lang/crates.io-index"
checksum = "773ef9dcc5f24b7d850d0ff101e542ff24c3b090a9768e03ff889fdef41f00fd"
dependencies = [
 "winapi-i686-pc-windows-gnu",
 "winapi-x86_64-pc-windows-gnu",
]

[[package]]
name = "winapi-build"
version = "0.1.1"
source = "registry+https://github.com/rust-lang/crates.io-index"
checksum = "2d315eee3b34aca4797b2da6b13ed88266e6d612562a0c46390af8299fc699bc"

[[package]]
name = "winapi-i686-pc-windows-gnu"
version = "0.4.0"
source = "registry+https://github.com/rust-lang/crates.io-index"
checksum = "ac3b87c63620426dd9b991e5ce0329eff545bccbbb34f3be09ff6fb6ab51b7b6"

[[package]]
name = "winapi-x86_64-pc-windows-gnu"
version = "0.4.0"
source = "registry+https://github.com/rust-lang/crates.io-index"
checksum = "712e227841d057c1ee1cd2fb22fa7e5a5461ae8e48fa2ca79ec42cfc1931183f"

[[package]]
name = "winmm-sys"
version = "0.2.0"
source = "registry+https://github.com/rust-lang/crates.io-index"
checksum = "20a57a816b63ca4bf31aec70b4c334be13c4b73a30ab5b546135041627866035"
dependencies = [
 "winapi 0.2.8",
 "winapi-build",
]

[[package]]
name = "winreg"
version = "0.5.1"
source = "registry+https://github.com/rust-lang/crates.io-index"
checksum = "a27a759395c1195c4cc5cda607ef6f8f6498f64e78f7900f5de0a127a424704a"
dependencies = [
 "winapi 0.3.5",
]

[[package]]
name = "xi-unicode"
version = "0.1.0"
source = "registry+https://github.com/rust-lang/crates.io-index"
checksum = "12ea8eda4b1eb72f02d148402e23832d56a33f55d8c1b2d5bcdde91d79d47cb1"
